
Microsoft Visual Studio Solution File, Format Version 12.00
# Visual Studio Version 17
VisualStudioVersion = 17.0.31903.59
MinimumVisualStudioVersion = 10.0.40219.1
Project("{2150E333-8FDC-42A3-9474-1A3956D46DE8}") = "Core", "Core", "{65C4F35D-ECF0-4E92-9C48-584F56ADFC86}"
EndProject
Project("{FAE04EC0-301F-11D3-BF4B-00C04F79EFBC}") = "SVE.Domain", "Core\SVE.Domain\SVE.Domain.csproj", "{223AF58F-34E9-4D16-8E8A-850BCF6C3398}"
EndProject
Project("{2150E333-8FDC-42A3-9474-1A3956D46DE8}") = "API", "API", "{BBAF5DE6-D621-4E65-B56F-F860273BF700}"
EndProject
Project("{FAE04EC0-301F-11D3-BF4B-00C04F79EFBC}") = "SVE.Api", "API\SVE.Api\SVE.Api.csproj", "{E95983FF-A5DE-47DC-8E86-6E44B3CA2573}"
EndProject
Project("{2150E333-8FDC-42A3-9474-1A3956D46DE8}") = "Application", "Application", "{07035D3F-0DA2-47EF-8E4A-D4883A150F81}"
EndProject
Project("{FAE04EC0-301F-11D3-BF4B-00C04F79EFBC}") = "SVE.Application", "Application\SVE.Application\SVE.Application.csproj", "{E62ABD1A-87E7-4574-A51B-2C9D6713FDD6}"
EndProject
Project("{2150E333-8FDC-42A3-9474-1A3956D46DE8}") = "Infrastructure", "Infrastructure", "{30F7029B-678B-4985-B41D-B17DEFC0094B}"
EndProject
Project("{FAE04EC0-301F-11D3-BF4B-00C04F79EFBC}") = "SVE.Infrastructure", "Infrastructure\SVE.Infrastructure\SVE.Infrastructure.csproj", "{C5D2E03C-8B4F-4383-A7A3-5368845E247A}"
EndProject
Project("{2150E333-8FDC-42A3-9474-1A3956D46DE8}") = "Test", "Test", "{3920FC2B-42C4-455A-A3C7-B322170A7A86}"
EndProject
Project("{FAE04EC0-301F-11D3-BF4B-00C04F79EFBC}") = "SVE.Application.Test", "Test\SVE.Application.Test\SVE.Application.Test.csproj", "{EE8F9094-00F8-4064-8586-B6E86290938D}"
EndProject
Project("{2150E333-8FDC-42A3-9474-1A3956D46DE8}") = "Web", "Web", "{7575664A-BCFA-4263-AAF3-B23FFA9C9B6F}"
EndProject
Project("{FAE04EC0-301F-11D3-BF4B-00C04F79EFBC}") = "SVE.Web", "Web\SVE.Web\SVE.Web.csproj", "{0C17DE6A-D75E-49C6-AF8A-88F123365AD3}"
EndProject
Project("{2150E333-8FDC-42A3-9474-1A3956D46DE8}") = "IOC", "IOC", "{1F8F0174-2C18-4CA6-9194-11E67DBFC02A}"
EndProject
Project("{FAE04EC0-301F-11D3-BF4B-00C04F79EFBC}") = "SVE.IOC", "IOC\SVE.IOC\SVE.IOC.csproj", "{EC526726-1AEE-4D6A-B723-87449EE73CC1}"
EndProject
Project("{FAE04EC0-301F-11D3-BF4B-00C04F79EFBC}") = "SVE.Persistence", "SVE.Persistence\SVE.Persistence.csproj", "{E1CF2692-E40D-4C96-B73F-EFA0588034A4}"
EndProject
Global
	GlobalSection(SolutionConfigurationPlatforms) = preSolution
		Debug|Any CPU = Debug|Any CPU
		Debug|x64 = Debug|x64
		Debug|x86 = Debug|x86
		Release|Any CPU = Release|Any CPU
		Release|x64 = Release|x64
		Release|x86 = Release|x86
	EndGlobalSection
	GlobalSection(ProjectConfigurationPlatforms) = postSolution
		{223AF58F-34E9-4D16-8E8A-850BCF6C3398}.Debug|Any CPU.ActiveCfg = Debug|Any CPU
		{223AF58F-34E9-4D16-8E8A-850BCF6C3398}.Debug|Any CPU.Build.0 = Debug|Any CPU
		{223AF58F-34E9-4D16-8E8A-850BCF6C3398}.Debug|x64.ActiveCfg = Debug|Any CPU
		{223AF58F-34E9-4D16-8E8A-850BCF6C3398}.Debug|x64.Build.0 = Debug|Any CPU
		{223AF58F-34E9-4D16-8E8A-850BCF6C3398}.Debug|x86.ActiveCfg = Debug|Any CPU
		{223AF58F-34E9-4D16-8E8A-850BCF6C3398}.Debug|x86.Build.0 = Debug|Any CPU
		{223AF58F-34E9-4D16-8E8A-850BCF6C3398}.Release|Any CPU.ActiveCfg = Release|Any CPU
		{223AF58F-34E9-4D16-8E8A-850BCF6C3398}.Release|Any CPU.Build.0 = Release|Any CPU
		{223AF58F-34E9-4D16-8E8A-850BCF6C3398}.Release|x64.ActiveCfg = Release|Any CPU
		{223AF58F-34E9-4D16-8E8A-850BCF6C3398}.Release|x64.Build.0 = Release|Any CPU
		{223AF58F-34E9-4D16-8E8A-850BCF6C3398}.Release|x86.ActiveCfg = Release|Any CPU
		{223AF58F-34E9-4D16-8E8A-850BCF6C3398}.Release|x86.Build.0 = Release|Any CPU
		{E95983FF-A5DE-47DC-8E86-6E44B3CA2573}.Debug|Any CPU.ActiveCfg = Debug|Any CPU
		{E95983FF-A5DE-47DC-8E86-6E44B3CA2573}.Debug|Any CPU.Build.0 = Debug|Any CPU
		{E95983FF-A5DE-47DC-8E86-6E44B3CA2573}.Debug|x64.ActiveCfg = Debug|Any CPU
		{E95983FF-A5DE-47DC-8E86-6E44B3CA2573}.Debug|x64.Build.0 = Debug|Any CPU
		{E95983FF-A5DE-47DC-8E86-6E44B3CA2573}.Debug|x86.ActiveCfg = Debug|Any CPU
		{E95983FF-A5DE-47DC-8E86-6E44B3CA2573}.Debug|x86.Build.0 = Debug|Any CPU
		{E95983FF-A5DE-47DC-8E86-6E44B3CA2573}.Release|Any CPU.ActiveCfg = Release|Any CPU
		{E95983FF-A5DE-47DC-8E86-6E44B3CA2573}.Release|Any CPU.Build.0 = Release|Any CPU
		{E95983FF-A5DE-47DC-8E86-6E44B3CA2573}.Release|x64.ActiveCfg = Release|Any CPU
		{E95983FF-A5DE-47DC-8E86-6E44B3CA2573}.Release|x64.Build.0 = Release|Any CPU
		{E95983FF-A5DE-47DC-8E86-6E44B3CA2573}.Release|x86.ActiveCfg = Release|Any CPU
		{E95983FF-A5DE-47DC-8E86-6E44B3CA2573}.Release|x86.Build.0 = Release|Any CPU
		{E62ABD1A-87E7-4574-A51B-2C9D6713FDD6}.Debug|Any CPU.ActiveCfg = Debug|Any CPU
		{E62ABD1A-87E7-4574-A51B-2C9D6713FDD6}.Debug|Any CPU.Build.0 = Debug|Any CPU
		{E62ABD1A-87E7-4574-A51B-2C9D6713FDD6}.Debug|x64.ActiveCfg = Debug|Any CPU
		{E62ABD1A-87E7-4574-A51B-2C9D6713FDD6}.Debug|x64.Build.0 = Debug|Any CPU
		{E62ABD1A-87E7-4574-A51B-2C9D6713FDD6}.Debug|x86.ActiveCfg = Debug|Any CPU
		{E62ABD1A-87E7-4574-A51B-2C9D6713FDD6}.Debug|x86.Build.0 = Debug|Any CPU
		{E62ABD1A-87E7-4574-A51B-2C9D6713FDD6}.Release|Any CPU.ActiveCfg = Release|Any CPU
		{E62ABD1A-87E7-4574-A51B-2C9D6713FDD6}.Release|Any CPU.Build.0 = Release|Any CPU
		{E62ABD1A-87E7-4574-A51B-2C9D6713FDD6}.Release|x64.ActiveCfg = Release|Any CPU
		{E62ABD1A-87E7-4574-A51B-2C9D6713FDD6}.Release|x64.Build.0 = Release|Any CPU
		{E62ABD1A-87E7-4574-A51B-2C9D6713FDD6}.Release|x86.ActiveCfg = Release|Any CPU
		{E62ABD1A-87E7-4574-A51B-2C9D6713FDD6}.Release|x86.Build.0 = Release|Any CPU
		{C5D2E03C-8B4F-4383-A7A3-5368845E247A}.Debug|Any CPU.ActiveCfg = Debug|Any CPU
		{C5D2E03C-8B4F-4383-A7A3-5368845E247A}.Debug|Any CPU.Build.0 = Debug|Any CPU
		{C5D2E03C-8B4F-4383-A7A3-5368845E247A}.Debug|x64.ActiveCfg = Debug|Any CPU
		{C5D2E03C-8B4F-4383-A7A3-5368845E247A}.Debug|x64.Build.0 = Debug|Any CPU
		{C5D2E03C-8B4F-4383-A7A3-5368845E247A}.Debug|x86.ActiveCfg = Debug|Any CPU
		{C5D2E03C-8B4F-4383-A7A3-5368845E247A}.Debug|x86.Build.0 = Debug|Any CPU
		{C5D2E03C-8B4F-4383-A7A3-5368845E247A}.Release|Any CPU.ActiveCfg = Release|Any CPU
		{C5D2E03C-8B4F-4383-A7A3-5368845E247A}.Release|Any CPU.Build.0 = Release|Any CPU
		{C5D2E03C-8B4F-4383-A7A3-5368845E247A}.Release|x64.ActiveCfg = Release|Any CPU
		{C5D2E03C-8B4F-4383-A7A3-5368845E247A}.Release|x64.Build.0 = Release|Any CPU
		{C5D2E03C-8B4F-4383-A7A3-5368845E247A}.Release|x86.ActiveCfg = Release|Any CPU
		{C5D2E03C-8B4F-4383-A7A3-5368845E247A}.Release|x86.Build.0 = Release|Any CPU
		{EE8F9094-00F8-4064-8586-B6E86290938D}.Debug|Any CPU.ActiveCfg = Debug|Any CPU
		{EE8F9094-00F8-4064-8586-B6E86290938D}.Debug|Any CPU.Build.0 = Debug|Any CPU
		{EE8F9094-00F8-4064-8586-B6E86290938D}.Debug|x64.ActiveCfg = Debug|Any CPU
		{EE8F9094-00F8-4064-8586-B6E86290938D}.Debug|x64.Build.0 = Debug|Any CPU
		{EE8F9094-00F8-4064-8586-B6E86290938D}.Debug|x86.ActiveCfg = Debug|Any CPU
		{EE8F9094-00F8-4064-8586-B6E86290938D}.Debug|x86.Build.0 = Debug|Any CPU
		{EE8F9094-00F8-4064-8586-B6E86290938D}.Release|Any CPU.ActiveCfg = Release|Any CPU
		{EE8F9094-00F8-4064-8586-B6E86290938D}.Release|Any CPU.Build.0 = Release|Any CPU
		{EE8F9094-00F8-4064-8586-B6E86290938D}.Release|x64.ActiveCfg = Release|Any CPU
		{EE8F9094-00F8-4064-8586-B6E86290938D}.Release|x64.Build.0 = Release|Any CPU
		{EE8F9094-00F8-4064-8586-B6E86290938D}.Release|x86.ActiveCfg = Release|Any CPU
		{EE8F9094-00F8-4064-8586-B6E86290938D}.Release|x86.Build.0 = Release|Any CPU
		{0C17DE6A-D75E-49C6-AF8A-88F123365AD3}.Debug|Any CPU.ActiveCfg = Debug|Any CPU
		{0C17DE6A-D75E-49C6-AF8A-88F123365AD3}.Debug|Any CPU.Build.0 = Debug|Any CPU
		{0C17DE6A-D75E-49C6-AF8A-88F123365AD3}.Debug|x64.ActiveCfg = Debug|Any CPU
		{0C17DE6A-D75E-49C6-AF8A-88F123365AD3}.Debug|x64.Build.0 = Debug|Any CPU
		{0C17DE6A-D75E-49C6-AF8A-88F123365AD3}.Debug|x86.ActiveCfg = Debug|Any CPU
		{0C17DE6A-D75E-49C6-AF8A-88F123365AD3}.Debug|x86.Build.0 = Debug|Any CPU
		{0C17DE6A-D75E-49C6-AF8A-88F123365AD3}.Release|Any CPU.ActiveCfg = Release|Any CPU
		{0C17DE6A-D75E-49C6-AF8A-88F123365AD3}.Release|Any CPU.Build.0 = Release|Any CPU
		{0C17DE6A-D75E-49C6-AF8A-88F123365AD3}.Release|x64.ActiveCfg = Release|Any CPU
		{0C17DE6A-D75E-49C6-AF8A-88F123365AD3}.Release|x64.Build.0 = Release|Any CPU
		{0C17DE6A-D75E-49C6-AF8A-88F123365AD3}.Release|x86.ActiveCfg = Release|Any CPU
		{0C17DE6A-D75E-49C6-AF8A-88F123365AD3}.Release|x86.Build.0 = Release|Any CPU
		{EC526726-1AEE-4D6A-B723-87449EE73CC1}.Debug|Any CPU.ActiveCfg = Debug|Any CPU
		{EC526726-1AEE-4D6A-B723-87449EE73CC1}.Debug|Any CPU.Build.0 = Debug|Any CPU
		{EC526726-1AEE-4D6A-B723-87449EE73CC1}.Debug|x64.ActiveCfg = Debug|Any CPU
		{EC526726-1AEE-4D6A-B723-87449EE73CC1}.Debug|x64.Build.0 = Debug|Any CPU
		{EC526726-1AEE-4D6A-B723-87449EE73CC1}.Debug|x86.ActiveCfg = Debug|Any CPU
		{EC526726-1AEE-4D6A-B723-87449EE73CC1}.Debug|x86.Build.0 = Debug|Any CPU
		{EC526726-1AEE-4D6A-B723-87449EE73CC1}.Release|Any CPU.ActiveCfg = Release|Any CPU
		{EC526726-1AEE-4D6A-B723-87449EE73CC1}.Release|Any CPU.Build.0 = Release|Any CPU
		{EC526726-1AEE-4D6A-B723-87449EE73CC1}.Release|x64.ActiveCfg = Release|Any CPU
		{EC526726-1AEE-4D6A-B723-87449EE73CC1}.Release|x64.Build.0 = Release|Any CPU
		{EC526726-1AEE-4D6A-B723-87449EE73CC1}.Release|x86.ActiveCfg = Release|Any CPU
		{EC526726-1AEE-4D6A-B723-87449EE73CC1}.Release|x86.Build.0 = Release|Any CPU
		{E1CF2692-E40D-4C96-B73F-EFA0588034A4}.Debug|Any CPU.ActiveCfg = Debug|Any CPU
		{E1CF2692-E40D-4C96-B73F-EFA0588034A4}.Debug|Any CPU.Build.0 = Debug|Any CPU
		{E1CF2692-E40D-4C96-B73F-EFA0588034A4}.Debug|x64.ActiveCfg = Debug|Any CPU
		{E1CF2692-E40D-4C96-B73F-EFA0588034A4}.Debug|x64.Build.0 = Debug|Any CPU
		{E1CF2692-E40D-4C96-B73F-EFA0588034A4}.Debug|x86.ActiveCfg = Debug|Any CPU
		{E1CF2692-E40D-4C96-B73F-EFA0588034A4}.Debug|x86.Build.0 = Debug|Any CPU
		{E1CF2692-E40D-4C96-B73F-EFA0588034A4}.Release|Any CPU.ActiveCfg = Release|Any CPU
		{E1CF2692-E40D-4C96-B73F-EFA0588034A4}.Release|Any CPU.Build.0 = Release|Any CPU
		{E1CF2692-E40D-4C96-B73F-EFA0588034A4}.Release|x64.ActiveCfg = Release|Any CPU
		{E1CF2692-E40D-4C96-B73F-EFA0588034A4}.Release|x64.Build.0 = Release|Any CPU
		{E1CF2692-E40D-4C96-B73F-EFA0588034A4}.Release|x86.ActiveCfg = Release|Any CPU
		{E1CF2692-E40D-4C96-B73F-EFA0588034A4}.Release|x86.Build.0 = Release|Any CPU
	EndGlobalSection
	GlobalSection(SolutionProperties) = preSolution
		HideSolutionNode = FALSE
	EndGlobalSection
	GlobalSection(NestedProjects) = preSolution
		{223AF58F-34E9-4D16-8E8A-850BCF6C3398} = {65C4F35D-ECF0-4E92-9C48-584F56ADFC86}
		{E95983FF-A5DE-47DC-8E86-6E44B3CA2573} = {BBAF5DE6-D621-4E65-B56F-F860273BF700}
		{E62ABD1A-87E7-4574-A51B-2C9D6713FDD6} = {07035D3F-0DA2-47EF-8E4A-D4883A150F81}
		{C5D2E03C-8B4F-4383-A7A3-5368845E247A} = {30F7029B-678B-4985-B41D-B17DEFC0094B}
		{EE8F9094-00F8-4064-8586-B6E86290938D} = {3920FC2B-42C4-455A-A3C7-B322170A7A86}
		{0C17DE6A-D75E-49C6-AF8A-88F123365AD3} = {7575664A-BCFA-4263-AAF3-B23FFA9C9B6F}
		{EC526726-1AEE-4D6A-B723-87449EE73CC1} = {1F8F0174-2C18-4CA6-9194-11E67DBFC02A}
	EndGlobalSection
EndGlobal
